
Microsoft Visual Studio Solution File, Format Version 12.00
# Visual Studio 15
VisualStudioVersion = 15.0.28307.960
MinimumVisualStudioVersion = 10.0.40219.1
Project("{FAE04EC0-301F-11D3-BF4B-00C04F79EFBC}") = "Spreadsheet_clearfilter", "Spreadsheet_clearfilter\Spreadsheet_clearfilter.csproj", "{2BCA28BF-6952-4955-A352-D68BBA24FFB6}"
EndProject
Global
	GlobalSection(SolutionConfigurationPlatforms) = preSolution
		Debug|Any CPU = Debug|Any CPU
		Release|Any CPU = Release|Any CPU
	EndGlobalSection
	GlobalSection(ProjectConfigurationPlatforms) = postSolution
		{2BCA28BF-6952-4955-A352-D68BBA24FFB6}.Debug|Any CPU.ActiveCfg = Debug|Any CPU
		{2BCA28BF-6952-4955-A352-D68BBA24FFB6}.Debug|Any CPU.Build.0 = Debug|Any CPU
		{2BCA28BF-6952-4955-A352-D68BBA24FFB6}.Release|Any CPU.ActiveCfg = Release|Any CPU
		{2BCA28BF-6952-4955-A352-D68BBA24FFB6}.Release|Any CPU.Build.0 = Release|Any CPU
	EndGlobalSection
	GlobalSection(SolutionProperties) = preSolution
		HideSolutionNode = FALSE
	EndGlobalSection
	GlobalSection(ExtensibilityGlobals) = postSolution
		SolutionGuid = {AE8E76FC-6F87-4591-B711-2F9D0540899C}
	EndGlobalSection
EndGlobal
